# This file is autogenerated, do not edit; changes may be undone by the next 'dep ensure'.


[[projects]]
  branch = "master"
  digest = "1:6978a38432a017763a148afbc7ce6491734b54292af7d3e969d84d2e9dd242e2"
  name = "github.com/Azure/go-ansiterm"
  packages = [
    ".",
    "winterm",
  ]
  pruneopts = ""
  revision = "d6e3b3328b783f23731bc4d058875b0371ff8109"

[[projects]]
  digest = "1:a76496d5e3d2144d9f3b1f7a54e1cfcf9be07f0b0466452c690958dc5feb4b86"
  name = "github.com/Microsoft/go-winio"
  packages = ["."]
  pruneopts = ""
  revision = "1a8911d1ed007260465c3bfbbc785ac6915a0bb8"
  version = "v0.4.12"

[[projects]]
  digest = "1:d8a2bb36a048d1571bcc1aee208b61f39dc16c6c53823feffd37449dde162507"
  name = "github.com/asaskevich/govalidator"
  packages = ["."]
  pruneopts = ""
  revision = "ccb8e960c48f04d6935e72476ae4a51028f9e22f"
  version = "v9"

[[projects]]
  digest = "1:87d1ed79db29c16ab03bfa1661ad87e0e26a2ff2c376827f7f1e7e7b7cc0846c"
  name = "github.com/cloudflare/cloudflare-go"
  packages = ["."]
  pruneopts = ""
  revision = "1f9007fbecae20711133c60519338c41cef1ffb4"
  version = "v0.8.5"

[[projects]]
  digest = "1:2a7e5fec900c81706fdbbc095479c8c7fcc29c83feff18e266766bd8fe5dba52"
  name = "github.com/codegangsta/inject"
  packages = ["."]
  pruneopts = ""
  revision = "37d7f8432a3e684eef9b2edece76bdfa6ac85b39"
  version = "v1.0-rc1"

[[projects]]
  digest = "1:6968eb810f980744ab726a5cf7ebe76cbcb25c90d65a509bd4e03ace45111a33"
  name = "github.com/codeskyblue/go-sh"
  packages = ["."]
  pruneopts = ""
  revision = "b097669b1569203c3ce05a6b8717d43140fdb3d5"
  version = "0.2"

[[projects]]
  branch = "master"
  digest = "1:6d29449423ca9ca577644dd168936e4ae7dcb60d266892c9998a0afc43f221b9"
  name = "github.com/containerd/continuity"
  packages = ["pathdriver"]
  pruneopts = ""
  revision = "004b46473808b3e7a4a3049c20e4376c91eb966d"

[[projects]]
  digest = "1:c05f1899f086e3b4613d94d9e6f7ba6f4b6587498a1aa6037c5c294b22f5a743"
  name = "github.com/docker/distribution"
  packages = ["registry/api/errcode"]
  pruneopts = ""
  revision = "2461543d988979529609e8cb6fca9ca190dc48da"
  version = "v2.7.1"

[[projects]]
  branch = "master"
  digest = "1:33897311bb8b048edba29fa7cb119857f10d229e949ef16123f000e56d65f91a"
  name = "github.com/docker/docker"
  packages = [
    "api/types/blkiodev",
    "api/types/container",
    "api/types/filters",
    "api/types/mount",
    "api/types/network",
    "api/types/registry",
    "api/types/strslice",
    "api/types/swarm",
    "api/types/swarm/runtime",
    "api/types/versions",
    "errdefs",
    "pkg/fileutils",
    "pkg/homedir",
    "pkg/idtools",
    "pkg/ioutils",
    "pkg/longpath",
    "pkg/mount",
    "pkg/pools",
    "pkg/stdcopy",
    "pkg/system",
    "pkg/term",
    "pkg/term/windows",
  ]
  pruneopts = ""
  revision = "0133041c18eff4c01399b832c8833f675feb20ac"

[[projects]]
  digest = "1:ebe593d8b65a2947b78b6e164a2dac1a230b977a700b694da3a398b03b7afb04"
  name = "github.com/docker/go-connections"
  packages = ["nat"]
  pruneopts = ""
  revision = "7395e3f8aa162843a74ed6d48e79627d9792ac55"
  version = "v0.4.0"

[[projects]]
  digest = "1:582d54fcb7233da8dde1dfd2210a5b9675d0685f84246a8d317b07d680c18b1b"
  name = "github.com/docker/go-units"
  packages = ["."]
  pruneopts = ""
  revision = "47565b4f722fb6ceae66b95f853feed578a4a51c"
  version = "v0.3.3"

[[projects]]
  digest = "1:feefedc34fd965a481be51e27b2b074aed9187f1cce72a8bad1f496fb91079f0"
  name = "github.com/docker/machine"
  packages = [
    "libmachine/log",
    "libmachine/mcnutils",
    "version",
  ]
  pruneopts = ""
  revision = "cce350d75c529cf6e77328d9dd0477357e04a776"
  version = "v0.16.1"

[[projects]]
  digest = "1:bd4d9aa9a4fa6f920bf667073e716f75c90d6a98b1adaec2aba85d3275405cb9"
  name = "github.com/fsouza/go-dockerclient"
  packages = [
    ".",
    "internal/archive",
    "internal/jsonmessage",
    "internal/term",
  ]
  pruneopts = ""
  revision = "a8d735713a2b2b9101595fdf53fdb03cb51681b6"
  version = "v1.3.6"

[[projects]]
  digest = "1:b13707423743d41665fd23f0c36b2f37bb49c30e94adb813319c44188a51ba22"
  name = "github.com/ghodss/yaml"
  packages = ["."]
  pruneopts = ""
  revision = "0ca9ea5df5451ffdf184b4428c902747c2c11cd7"
  version = "v1.0.0"

[[projects]]
  digest = "1:fd53b471edb4c28c7d297f617f4da0d33402755f58d6301e7ca1197ef0a90937"
  name = "github.com/gogo/protobuf"
  packages = [
    "proto",
    "sortkeys",
  ]
  pruneopts = ""
  revision = "ba06b47c162d49f2af050fb4c75bcbc86a159d5c"
  version = "v1.2.1"

[[projects]]
  digest = "1:529d738b7976c3848cae5cf3a8036440166835e389c1f617af701eeb12a0518d"
  name = "github.com/golang/protobuf"
  packages = [
    "jsonpb",
    "proto",
    "protoc-gen-go/descriptor",
    "protoc-gen-go/generator",
    "protoc-gen-go/generator/internal/remap",
    "protoc-gen-go/plugin",
    "ptypes",
    "ptypes/any",
    "ptypes/duration",
    "ptypes/struct",
    "ptypes/timestamp",
    "ptypes/wrappers",
  ]
  pruneopts = ""
  revision = "b5d812f8a3706043e23a9cd5babf2e5423744d30"
  version = "v1.3.1"

[[projects]]
  branch = "master"
  digest = "1:754f77e9c839b24778a4b64422236d38515301d2baeb63113aa3edc42e6af692"
  name = "github.com/google/gofuzz"
  packages = ["."]
  pruneopts = ""
  revision = "24818f796faf91cd76ec7bddd72458fbced7a6c1"

[[projects]]
  branch = "master"
  digest = "1:8eb95504e982b1ab90821fa9056499ce178344f0115fd4cd7947daad645cb60b"
  name = "github.com/gophercloud/gophercloud"
  packages = [
    ".",
    "openstack",
    "openstack/compute/v2/extensions/limits",
    "openstack/compute/v2/extensions/networks",
    "openstack/compute/v2/flavors",
    "openstack/compute/v2/images",
    "openstack/compute/v2/servers",
    "openstack/identity/v2/tenants",
    "openstack/identity/v2/tokens",
    "openstack/identity/v3/tokens",
    "openstack/utils",
    "pagination",
  ]
  pruneopts = ""
  revision = "4d3066f119fa80ac92c713ac747573df3e05ea28"

[[projects]]
  digest = "1:6e87163a02e172de60dc68c263b375079f6b08fe81d32611fe12ffadd673b1b8"
  name = "github.com/grpc-ecosystem/grpc-gateway"
  packages = [
    "internal",
    "runtime",
    "utilities",
  ]
  pruneopts = ""
  revision = "20f268a412e5b342ebfb1a0eef7c3b7bd6c260ea"
  version = "v1.8.5"

[[projects]]
  branch = "master"
  digest = "1:33f920ba428942560c22c0e145127dc09a52c52d64eac284daea6b0926fab0d1"
  name = "github.com/ijc/Gotty"
  packages = ["."]
  pruneopts = ""
  revision = "a8b993ba6abdb0e0c12b0125c603323a71c7790c"

[[projects]]
  branch = "master"
  digest = "1:0f0faa9216178b117e9eb0d146888360c36ebc4a61fd78b6eff19f96d280eabe"
  name = "github.com/jcelliott/lumber"
  packages = ["."]
  pruneopts = ""
  revision = "dd349441af25132d146d7095c6693a15431fc9b1"

[[projects]]
  digest = "1:deeb6536ebbcb66ab11213ecfaac9daadfcd004dd057446a4980ffd6c15c36e2"
  name = "github.com/julienschmidt/httprouter"
  packages = ["."]
  pruneopts = ""
  revision = "348b672cd90d8190f8240323e372ecd1e66b59dc"
  version = "v1.2.0"

[[projects]]
  digest = "1:0f51cee70b0d254dbc93c22666ea2abf211af81c1701a96d04e2284b408621db"
  name = "github.com/konsorten/go-windows-terminal-sequences"
  packages = ["."]
  pruneopts = ""
  revision = "f55edac94c9bbba5d6182a4be46d86a2c9b5b50e"
  version = "v1.0.2"

[[projects]]
  digest = "1:fe67641b990bdc1802f8a1e462a4924210a8762a8a17b72e09656049c906b871"
  name = "github.com/moul/http2curl"
  packages = ["."]
  pruneopts = ""
  revision = "9ac6cf4d929b2fa8fd2d2e6dec5bb0feb4f4911d"
  version = "v1.0.0"

[[projects]]
  branch = "master"
  digest = "1:0353fbb29c63ccb137b910060b8c776f219dc1a4a9811e655f2222c76b92013d"
  name = "github.com/nanobox-io/golang-ssh"
  packages = ["."]
  pruneopts = ""
  revision = "12ea65d3a59d29f16de153f9cbc5bef5b11ec73c"

[[projects]]
  digest = "1:5d9b668b0b4581a978f07e7d2e3314af18eb27b3fb5d19b70185b7c575723d11"
  name = "github.com/opencontainers/go-digest"
  packages = ["."]
  pruneopts = ""
  revision = "279bed98673dd5bef374d3b6e4b09e2af76183bf"
  version = "v1.0.0-rc1"

[[projects]]
  digest = "1:f26c8670b11e29a49c8e45f7ec7f2d5bac62e8fd4e3c0ae1662baa4a697f984a"
  name = "github.com/opencontainers/image-spec"
  packages = [
    "specs-go",
    "specs-go/v1",
  ]
  pruneopts = ""
  revision = "d60099175f88c47cd379c4738d158884749ed235"
  version = "v1.0.1"

[[projects]]
  digest = "1:fa19ddee0e5ee5951a6a450a4b6ec635a42957f86bfc87d9d778eeee04ad2036"
  name = "github.com/opencontainers/runc"
  packages = ["libcontainer/user"]
  pruneopts = ""
  revision = "baf6536d6259209c3edfa2b22237af82942d3dfa"
  version = "v0.1.1"

[[projects]]
  digest = "1:1d1d7cc9c374bc5bd1884d07705dbde6d2257de17f5f6504e4335e4d2b60a350"
  name = "github.com/parnurzeal/gorequest"
  packages = ["."]
  pruneopts = ""
  revision = "a578a48e8d6ca8b01a3b18314c43c6716bb5f5a3"
  version = "v0.2.15"

[[projects]]
  digest = "1:1abf7411185ed8dde4e62c3d3fe9f2de5ffb3a86d1fbd405177afc8a40916adf"
  name = "github.com/pelletier/go-toml"
  packages = ["."]
  pruneopts = ""
  revision = "63909f0a90ab0f36909e8e044e46ace10cf13ba2"
  version = "v1.3.0"

[[projects]]
  digest = "1:1d7e1867c49a6dd9856598ef7c3123604ea3daabf5b83f303ff457bcbc410b1d"
  name = "github.com/pkg/errors"
  packages = ["."]
  pruneopts = ""
  revision = "ba968bfe8b2f7e042a574c888954fccecfa385b4"
  version = "v0.8.1"

[[projects]]
  digest = "1:631ea4a52a20ca54eceb1077e8c7e553a4f86a58639824825d9259374f7c362f"
  name = "github.com/sirupsen/logrus"
  packages = ["."]
  pruneopts = ""
  revision = "8bdbc7bcc01dcbb8ec23dc8a28e332258d25251f"
  version = "v1.4.1"

[[projects]]
  branch = "master"
  digest = "1:36ef1d8645934b1744cc7d8726e00d3dd9d8d84c18617bf7367a3a6d532f3370"
  name = "golang.org/x/crypto"
  packages = [
    "curve25519",
    "ed25519",
    "ed25519/internal/edwards25519",
    "internal/chacha20",
    "internal/subtle",
    "poly1305",
    "ssh",
    "ssh/terminal",
  ]
  pruneopts = ""
  revision = "a5d413f7728c81fb97d96a2b722368945f651e78"

[[projects]]
  branch = "master"
  digest = "1:adcb9e84ce154ef1d45851b57c40f8a211db3e36373a65b7c4f10c79b7428718"
  name = "golang.org/x/net"
  packages = [
    "context",
    "http/httpguts",
    "http2",
    "http2/hpack",
    "idna",
    "internal/timeseries",
    "publicsuffix",
    "trace",
  ]
  pruneopts = ""
  revision = "74de082e2cca95839e88aa0aeee5aadf6ce7710f"

[[projects]]
  branch = "master"
  digest = "1:2c8100dd5d57b0803cebab4de1d55e0438b40afdfad520cbbecba7c8a13aed15"
  name = "golang.org/x/sys"
  packages = [
    "cpu",
    "unix",
    "windows",
  ]
  pruneopts = ""
  revision = "baf5eb976a8cd65845293cd814ea151018552292"

[[projects]]
  digest = "1:5acd3512b047305d49e8763eef7ba423901e85d5dd2fd1e71778a0ea8de10bd4"
  name = "golang.org/x/text"
  packages = [
    "collate",
    "collate/build",
    "internal/colltab",
    "internal/gen",
    "internal/tag",
    "internal/triegen",
    "internal/ucd",
    "language",
    "secure/bidirule",
    "transform",
    "unicode/bidi",
    "unicode/cldr",
    "unicode/norm",
    "unicode/rangetable",
  ]
  pruneopts = ""
  revision = "f21a4dfb5e38f5895301dc265a8def02365cc3d0"
  version = "v0.3.0"

[[projects]]
  branch = "master"
  digest = "1:9522af4be529c108010f95b05f1022cb872f2b9ff8b101080f554245673466e1"
  name = "golang.org/x/time"
  packages = ["rate"]
  pruneopts = ""
  revision = "9d24e82272b4f38b78bc8cff74fa936d31ccd8ef"

[[projects]]
  branch = "master"
  digest = "1:8cdef6da940ed0c6146559d452b3665683f56d276ed0b0455c461411e9476b81"
  name = "google.golang.org/genproto"
  packages = [
    "googleapis/api/annotations",
    "googleapis/api/httpbody",
    "googleapis/rpc/status",
    "protobuf/field_mask",
  ]
  pruneopts = ""
  revision = "f467c93bbac2133ff463e1f93d18d8f9f3f04451"

[[projects]]
  digest = "1:9e9c6b3804858b1a058ef81027270d307b74f4ddd727d2edff0ca002dd304adb"
  name = "google.golang.org/grpc"
  packages = [
    ".",
    "balancer",
    "balancer/base",
    "balancer/roundrobin",
    "binarylog/grpc_binarylog_v1",
    "codes",
    "connectivity",
    "credentials",
    "credentials/internal",
    "encoding",
    "encoding/proto",
    "grpclog",
    "internal",
    "internal/backoff",
    "internal/binarylog",
    "internal/channelz",
    "internal/envconfig",
    "internal/grpcrand",
    "internal/grpcsync",
    "internal/syscall",
    "internal/transport",
    "keepalive",
    "metadata",
    "naming",
    "peer",
    "resolver",
    "resolver/dns",
    "resolver/passthrough",
    "stats",
    "status",
    "tap",
  ]
  pruneopts = ""
  revision = "3507fb8e1a5ad030303c106fef3a47c9fdad16ad"
  version = "v1.19.1"

[[projects]]
  digest = "1:75fb3fcfc73a8c723efde7777b40e8e8ff9babf30d8c56160d01beffea8a95a6"
  name = "gopkg.in/inf.v0"
  packages = ["."]
  pruneopts = ""
  revision = "d2d2541c53f18d2a059457998ce2876cc8e67cbf"
  version = "v0.9.1"

[[projects]]
  digest = "1:cedccf16b71e86db87a24f8d4c70b0a855872eb967cb906a66b95de56aefbd0d"
  name = "gopkg.in/yaml.v2"
  packages = ["."]
  pruneopts = ""
  revision = "51d6538a90f86fe93ac480b35f37b2be17fef232"
  version = "v2.2.2"

[[projects]]
  branch = "master"
  digest = "1:0e8d3cee1bcbd63fb9aafc21ca6eacd6ec4bcd6cfb5b6420e0ac3b1e6fb22cc9"
  name = "k8s.io/api"
  packages = ["core/v1"]
  pruneopts = ""
  revision = "92d2ee7fc726fd16632fbd2dff1466f551f5b8b4"

[[projects]]
  branch = "master"
  digest = "1:8ec237602b774b740204dc4565c4a940ebb21c1c3522319b306dccc03a31f41c"
  name = "k8s.io/apimachinery"
  packages = [
    "pkg/api/resource",
    "pkg/apis/meta/v1",
    "pkg/conversion",
    "pkg/conversion/queryparams",
    "pkg/fields",
    "pkg/labels",
    "pkg/runtime",
    "pkg/runtime/schema",
    "pkg/selection",
    "pkg/types",
    "pkg/util/errors",
    "pkg/util/intstr",
    "pkg/util/json",
    "pkg/util/naming",
    "pkg/util/net",
    "pkg/util/runtime",
    "pkg/util/sets",
    "pkg/util/validation",
    "pkg/util/validation/field",
    "pkg/watch",
    "third_party/forked/golang/reflect",
  ]
  pruneopts = ""
  revision = "91ffda0f6be27b20a4ab1b54df88b68210775fd9"

[[projects]]
  digest = "1:5afb58506f8972419a6e93f051513854291127189f04607aac1388eb378c0608"
  name = "k8s.io/klog"
  packages = ["."]
  pruneopts = ""
  revision = "71442cd4037d612096940ceb0f3fec3f7fff66e0"
  version = "v0.2.0"

[solve-meta]
  analyzer-name = "dep"
  analyzer-version = 1
  input-imports = [
    "github.com/asaskevich/govalidator",
    "github.com/cloudflare/cloudflare-go",
    "github.com/codeskyblue/go-sh",
    "github.com/fsouza/go-dockerclient",
    "github.com/ghodss/yaml",
    "github.com/golang/protobuf/proto",
    "github.com/gophercloud/gophercloud",
    "github.com/gophercloud/gophercloud/openstack",
    "github.com/gophercloud/gophercloud/openstack/compute/v2/extensions/limits",
    "github.com/gophercloud/gophercloud/openstack/compute/v2/extensions/networks",
    "github.com/gophercloud/gophercloud/openstack/compute/v2/flavors",
    "github.com/gophercloud/gophercloud/openstack/compute/v2/images",
    "github.com/gophercloud/gophercloud/openstack/compute/v2/servers",
    "github.com/grpc-ecosystem/grpc-gateway/runtime",
    "github.com/grpc-ecosystem/grpc-gateway/utilities",
    "github.com/julienschmidt/httprouter",
    "github.com/nanobox-io/golang-ssh",
    "github.com/parnurzeal/gorequest",
    "github.com/pelletier/go-toml",
    "github.com/sirupsen/logrus",
    "golang.org/x/net/context",
    "google.golang.org/genproto/googleapis/api/annotations",
    "google.golang.org/grpc",
    "google.golang.org/grpc/codes",
    "google.golang.org/grpc/grpclog",
    "google.golang.org/grpc/status",
    "k8s.io/api/core/v1",
  ]
  solver-name = "gps-cdcl"
  solver-version = 1
